
Microsoft Visual Studio Solution File, Format Version 12.00
# Visual Studio 15
VisualStudioVersion = 15.0.26228.9
MinimumVisualStudioVersion = 10.0.40219.1
Project("{9A19103F-16F7-4668-BE54-9A1E7A4F7556}") = "LibraryData", "LibraryData\LibraryData.csproj", "{64733C70-6D71-4D24-85FA-C74C12C8DB4B}"
EndProject
Project("{9A19103F-16F7-4668-BE54-9A1E7A4F7556}") = "LibraryService", "LibraryService\LibraryService.csproj", "{4C3C4C9C-DE66-410E-95A1-C38FC9217101}"
EndProject
Project("{FAE04EC0-301F-11D3-BF4B-00C04F79EFBC}") = "Library", "Library\Library.csproj", "{3DC5D391-0451-4D80-83A1-2CCF17275F3D}"
EndProject
Global
	GlobalSection(SolutionConfigurationPlatforms) = preSolution
		Debug|Any CPU = Debug|Any CPU
		Release|Any CPU = Release|Any CPU
	EndGlobalSection
	GlobalSection(ProjectConfigurationPlatforms) = postSolution
		{64733C70-6D71-4D24-85FA-C74C12C8DB4B}.Debug|Any CPU.ActiveCfg = Debug|Any CPU
		{64733C70-6D71-4D24-85FA-C74C12C8DB4B}.Debug|Any CPU.Build.0 = Debug|Any CPU
		{64733C70-6D71-4D24-85FA-C74C12C8DB4B}.Release|Any CPU.ActiveCfg = Release|Any CPU
		{64733C70-6D71-4D24-85FA-C74C12C8DB4B}.Release|Any CPU.Build.0 = Release|Any CPU
		{4C3C4C9C-DE66-410E-95A1-C38FC9217101}.Debug|Any CPU.ActiveCfg = Debug|Any CPU
		{4C3C4C9C-DE66-410E-95A1-C38FC9217101}.Debug|Any CPU.Build.0 = Debug|Any CPU
		{4C3C4C9C-DE66-410E-95A1-C38FC9217101}.Release|Any CPU.ActiveCfg = Release|Any CPU
		{4C3C4C9C-DE66-410E-95A1-C38FC9217101}.Release|Any CPU.Build.0 = Release|Any CPU
		{3DC5D391-0451-4D80-83A1-2CCF17275F3D}.Debug|Any CPU.ActiveCfg = Debug|Any CPU
		{3DC5D391-0451-4D80-83A1-2CCF17275F3D}.Debug|Any CPU.Build.0 = Debug|Any CPU
		{3DC5D391-0451-4D80-83A1-2CCF17275F3D}.Release|Any CPU.ActiveCfg = Release|Any CPU
		{3DC5D391-0451-4D80-83A1-2CCF17275F3D}.Release|Any CPU.Build.0 = Release|Any CPU
	EndGlobalSection
	GlobalSection(SolutionProperties) = preSolution
		HideSolutionNode = FALSE
	EndGlobalSection
	GlobalSection(ExtensibilityGlobals) = postSolution
		SolutionGuid = {FCCE61D5-B3C0-4234-9E27-ED2565DDE06A}
	EndGlobalSection
EndGlobal
